{
  "nodes": {
    "nixpkgs": {
      "locked": {
        "lastModified": 1675600654,
        "narHash": "sha256-ipsDTkzRq1CAl2g5tYd7ugjVMSKF6KLh9F+5Kso0lT0=",
        "path": "/nix/store/acmc36pgmyvj83318nqiam2bkjvqzblx-source",
        "rev": "cff83d5032a21aad4f69bf284e95b5f564f4a54e",
        "type": "path"
      },
      "original": {
        "id": "nixpkgs",
        "type": "indirect"
      }
    },
    "root": {
      "inputs": {
        "nixpkgs": "nixpkgs"
      }
    }
  },
  "root": "root",
  "version": 7
}
